// !$*UTF8*$!
{
	archiveVersion = 1;
	classes = {
	};
	objectVersion = 46;
	objects = {

/* Begin PBXBuildFile section */
		CB9502D11DA6872200994A72 /* AppDelegate.swift in Sources */ = {isa = PBXBuildFile; fileRef = CB9502D01DA6872200994A72 /* AppDelegate.swift */; };
		CB9502D31DA6872200994A72 /* ViewController.swift in Sources */ = {isa = PBXBuildFile; fileRef = CB9502D21DA6872200994A72 /* ViewController.swift */; };
		CB9502D61DA6872200994A72 /* Main.storyboard in Resources */ = {isa = PBXBuildFile; fileRef = CB9502D41DA6872200994A72 /* Main.storyboard */; };
		CB9502D81DA6872200994A72 /* Assets.xcassets in Resources */ = {isa = PBXBuildFile; fileRef = CB9502D71DA6872200994A72 /* Assets.xcassets */; };
		CB9502DB1DA6872200994A72 /* LaunchScreen.storyboard in Resources */ = {isa = PBXBuildFile; fileRef = CB9502D91DA6872200994A72 /* LaunchScreen.storyboard */; };
/* End PBXBuildFile section */

/* Begin PBXFileReference section */
		CB9502CD1DA6872200994A72 /* ios-training-spotify.app */ = {isa = PBXFileReference; explicitFileType = wrapper.application; includeInIndex = 0; path = "ios-training-spotify.app"; sourceTree = BUILT_PRODUCTS_DIR; };
		CB9502D01DA6872200994A72 /* AppDelegate.swift */ = {isa = PBXFileReference; lastKnownFileType = sourcecode.swift; path = AppDelegate.swift; sourceTree = "<group>"; };
		CB9502D21DA6872200994A72 /* ViewController.swift */ = {isa = PBXFileReference; lastKnownFileType = sourcecode.swift; path = ViewController.swift; sourceTree = "<group>"; };
		CB9502D51DA6872200994A72 /* Base */ = {isa = PBXFileReference; lastKnownFileType = file.storyboard; name = Base; path = Base.lproj/Main.storyboard; sourceTree = "<group>"; };
		CB9502D71DA6872200994A72 /* Assets.xcassets */ = {isa = PBXFileReference; lastKnownFileType = folder.assetcatalog; path = Assets.xcassets; sourceTree = "<group>"; };
		CB9502DA1DA6872200994A72 /* Base */ = {isa = PBXFileReference; lastKnownFileType = file.storyboard; name = Base; path = Base.lproj/LaunchScreen.storyboard; sourceTree = "<group>"; };
		CB9502DC1DA6872200994A72 /* Info.plist */ = {isa = PBXFileReference; lastKnownFileType = text.plist.xml; path = Info.plist; sourceTree = "<group>"; };
/* End PBXFileReference section */

/* Begin PBXFrameworksBuildPhase section */
		CB9502CA1DA6872200994A72 /* Frameworks */ = {
			isa = PBXFrameworksBuildPhase;
			buildActionMask = 2147483647;
			files = (
			);
			runOnlyForDeploymentPostprocessing = 0;
		};
/* End PBXFrameworksBuildPhase section */

/* Begin PBXGroup section */
		CB9502C41DA6872200994A72 = {
			isa = PBXGroup;
			children = (
				CB9502CF1DA6872200994A72 /* ios-training-spotify */,
				CB9502CE1DA6872200994A72 /* Products */,
			);
			sourceTree = "<group>";
		};
		CB9502CE1DA6872200994A72 /* Products */ = {
			isa = PBXGroup;
			children = (
				CB9502CD1DA6872200994A72 /* ios-training-spotify.app */,
			);
			name = Products;
			sourceTree = "<group>";
		};
		CB9502CF1DA6872200994A72 /* ios-training-spotify */ = {
			isa = PBXGroup;
			children = (
				CB9502D01DA6872200994A72 /* AppDelegate.swift */,
				CB9502D21DA6872200994A72 /* ViewController.swift */,
				CB9502D41DA6872200994A72 /* Main.storyboard */,
				CB9502D71DA6872200994A72 /* Assets.xcassets */,
				CB9502D91DA6872200994A72 /* LaunchScreen.storyboard */,
				CB9502DC1DA6872200994A72 /* Info.plist */,
			);
			path = "ios-training-spotify";
			sourceTree = "<group>";
		};
/* End PBXGroup section */

/* Begin PBXNativeTarget section */
		CB9502CC1DA6872200994A72 /* ios-training-spotify */ = {
			isa = PBXNativeTarget;
			buildConfigurationList = CB9502DF1DA6872200994A72 /* Build configuration list for PBXNativeTarget "ios-training-spotify" */;
			buildPhases = (
				CB9502C91DA6872200994A72 /* Sources */,
				CB9502CA1DA6872200994A72 /* Frameworks */,
				CB9502CB1DA6872200994A72 /* Resources */,
			);
			buildRules = (
			);
			dependencies = (
			);
			name = "ios-training-spotify";
			productName = "ios-training-spotify";
			productReference = CB9502CD1DA6872200994A72 /* ios-training-spotify.app */;
			productType = "com.apple.product-type.application";
		};
/* End PBXNativeTarget section */

/* Begin PBXProject section */
		CB9502C51DA6872200994A72 /* Project object */ = {
			isa = PBXProject;
			attributes = {
				LastSwiftUpdateCheck = 0730;
				LastUpgradeCheck = 0730;
				ORGANIZATIONNAME = "Antoine Gaillot";
				TargetAttributes = {
					CB9502CC1DA6872200994A72 = {
						CreatedOnToolsVersion = 7.3.1;
					};
				};
			};
			buildConfigurationList = CB9502C81DA6872200994A72 /* Build configuration list for PBXProject "ios-training-spotify" */;
			compatibilityVersion = "Xcode 3.2";
			developmentRegion = English;
			hasScannedForEncodings = 0;
			knownRegions = (
				en,
				Base,
			);
			mainGroup = CB9502C41DA6872200994A72;
			productRefGroup = CB9502CE1DA6872200994A72 /* Products */;
			projectDirPath = "";
			projectRoot = "";
			targets = (
				CB9502CC1DA6872200994A72 /* ios-training-spotify */,
			);
		};
/* End PBXProject section */

/* Begin PBXResourcesBuildPhase section */
		CB9502CB1DA6872200994A72 /* Resources */ = {
			isa = PBXResourcesBuildPhase;
			buildActionMask = 2147483647;
			files = (
				CB9502DB1DA6872200994A72 /* LaunchScreen.storyboard in Resources */,
				CB9502D81DA6872200994A72 /* Assets.xcassets in Resources */,
				CB9502D61DA6872200994A72 /* Main.storyboard in Resources */,
			);
			runOnlyForDeploymentPostprocessing = 0;
		};
/* End PBXResourcesBuildPhase section */

/* Begin PBXSourcesBuildPhase section */
		CB9502C91DA6872200994A72 /* Sources */ = {
			isa = PBXSourcesBuildPhase;
			buildActionMask = 2147483647;
			files = (
				CB9502D31DA6872200994A72 /* ViewController.swift in Sources */,
				CB9502D11DA6872200994A72 /* AppDelegate.swift in Sources */,
			);
			runOnlyForDeploymentPostprocessing = 0;
		};
/* End PBXSourcesBuildPhase section */

/* Begin PBXVariantGroup section */
		CB9502D41DA6872200994A72 /* Main.storyboard */ = {
			isa = PBXVariantGroup;
			children = (
				CB9502D51DA6872200994A72 /* Base */,
			);
			name = Main.storyboard;
			sourceTree = "<group>";
		};
		CB9502D91DA6872200994A72 /* LaunchScreen.storyboard */ = {
			isa = PBXVariantGroup;
			children = (
				CB9502DA1DA6872200994A72 /* Base */,
			);
			name = LaunchScreen.storyboard;
			sourceTree = "<group>";
		};
/* End PBXVariantGroup section */

/* Begin XCBuildConfiguration section */
		CB9502DD1DA6872200994A72 /* Debug */ = {
			isa = XCBuildConfiguration;
			buildSettings = {
				ALWAYS_SEARCH_USER_PATHS = NO;
				CLANG_ANALYZER_NONNULL = YES;
				CLANG_CXX_LANGUAGE_STANDARD = "gnu++0x";
				CLANG_CXX_LIBRARY = "libc++";
				CLANG_ENABLE_MODULES = YES;
				CLANG_ENABLE_OBJC_ARC = YES;
				CLANG_WARN_BOOL_CONVERSION = YES;
				CLANG_WARN_CONSTANT_CONVERSION = YES;
				CLANG_WARN_DIRECT_OBJC_ISA_USAGE = YES_ERROR;
				CLANG_WARN_EMPTY_BODY = YES;
				CLANG_WARN_ENUM_CONVERSION = YES;
				CLANG_WARN_INT_CONVERSION = YES;
				CLANG_WARN_OBJC_ROOT_CLASS = YES_ERROR;
				CLANG_WARN_UNREACHABLE_CODE = YES;
				CLANG_WARN__DUPLICATE_METHOD_MATCH = YES;
				"CODE_SIGN_IDENTITY[sdk=iphoneos*]" = "iPhone Developer";
				COPY_PHASE_STRIP = NO;
				DEBUG_INFORMATION_FORMAT = dwarf;
				ENABLE_STRICT_OBJC_MSGSEND = YES;
				ENABLE_TESTABILITY = YES;
				GCC_C_LANGUAGE_STANDARD = gnu99;
				GCC_DYNAMIC_NO_PIC = NO;
				GCC_NO_COMMON_BLOCKS = YES;
				GCC_OPTIMIZATION_LEVEL = 0;
				GCC_PREPROCESSOR_DEFINITIONS = (
					"DEBUG=1",
					"$(inherited)",
				);
				GCC_WARN_64_TO_32_BIT_CONVERSION = YES;
				GCC_WARN_ABOUT_RETURN_TYPE = YES_ERROR;
				GCC_WARN_UNDECLARED_SELECTOR = YES;
				GCC_WARN_UNINITIALIZED_AUTOS = YES_AGGRESSIVE;
				GCC_WARN_UNUSED_FUNCTION = YES;
				GCC_WARN_UNUSED_VARIABLE = YES;
				IPHONEOS_DEPLOYMENT_TARGET = 9.3;
				MTL_ENABLE_DEBUG_INFO = YES;
				ONLY_ACTIVE_ARCH = YES;
				SDKROOT = iphoneos;
				SWIFT_OPTIMIZATION_LEVEL = "-Onone";
				TARGETED_DEVICE_FAMILY = "1,2";
			};
			name = Debug;
		};
		CB9502DE1DA6872200994A72 /* Release */ = {
			isa = XCBuildConfiguration;
			buildSettings = {
				ALWAYS_SEARCH_USER_PATHS = NO;
				CLANG_ANALYZER_NONNULL = YES;
				CLANG_CXX_LANGUAGE_STANDARD = "gnu++0x";
				CLANG_CXX_LIBRARY = "libc++";
				CLANG_ENABLE_MODULES = YES;
				CLANG_ENABLE_OBJC_ARC = YES;
				CLANG_WARN_BOOL_CONVERSION = YES;
				CLANG_WARN_CONSTANT_CONVERSION = YES;
				CLANG_WARN_DIRECT_OBJC_ISA_USAGE = YES_ERROR;
				CLANG_WARN_EMPTY_BODY = YES;
				CLANG_WARN_ENUM_CONVERSION = YES;
				CLANG_WARN_INT_CONVERSION = YES;
				CLANG_WARN_OBJC_ROOT_CLASS = YES_ERROR;
				CLANG_WARN_UNREACHABLE_CODE = YES;
				CLANG_WARN__DUPLICATE_METHOD_MATCH = YES;
				"CODE_SIGN_IDENTITY[sdk=iphoneos*]" = "iPhone Developer";
				COPY_PHASE_STRIP = NO;
				DEBUG_INFORMATION_FORMAT = "dwarf-with-dsym";
				ENABLE_NS_ASSERTIONS = NO;
				ENABLE_STRICT_OBJC_MSGSEND = YES;
				GCC_C_LANGUAGE_STANDARD = gnu99;
				GCC_NO_COMMON_BLOCKS = YES;
				GCC_WARN_64_TO_32_BIT_CONVERSION = YES;
				GCC_WARN_ABOUT_RETURN_TYPE = YES_ERROR;
				GCC_WARN_UNDECLARED_SELECTOR = YES;
				GCC_WARN_UNINITIALIZED_AUTOS = YES_AGGRESSIVE;
				GCC_WARN_UNUSED_FUNCTION = YES;
				GCC_WARN_UNUSED_VARIABLE = YES;
				IPHONEOS_DEPLOYMENT_TARGET = 9.3;
				MTL_ENABLE_DEBUG_INFO = NO;
				SDKROOT = iphoneos;
				TARGETED_DEVICE_FAMILY = "1,2";
				VALIDATE_PRODUCT = YES;
			};
			name = Release;
		};
		CB9502E01DA6872200994A72 /* Debug */ = {
			isa = XCBuildConfiguration;
			buildSettings = {
				ASSETCATALOG_COMPILER_APPICON_NAME = AppIcon;
				INFOPLIST_FILE = "ios-training-spotify/Info.plist";
				LD_RUNPATH_SEARCH_PATHS = "$(inherited) @executable_path/Frameworks";
				PRODUCT_BUNDLE_IDENTIFIER = "com.gaillota.ios-training-spotify";
				PRODUCT_NAME = "$(TARGET_NAME)";
			};
			name = Debug;
		};
		CB9502E11DA6872200994A72 /* Release */ = {
			isa = XCBuildConfiguration;
			buildSettings = {
				ASSETCATALOG_COMPILER_APPICON_NAME = AppIcon;
				INFOPLIST_FILE = "ios-training-spotify/Info.plist";
				LD_RUNPATH_SEARCH_PATHS = "$(inherited) @executable_path/Frameworks";
				PRODUCT_BUNDLE_IDENTIFIER = "com.gaillota.ios-training-spotify";
				PRODUCT_NAME = "$(TARGET_NAME)";
			};
			name = Release;
		};
/* End XCBuildConfiguration section */

/* Begin XCConfigurationList section */
		CB9502C81DA6872200994A72 /* Build configuration list for PBXProject "ios-training-spotify" */ = {
			isa = XCConfigurationList;
			buildConfigurations = (
				CB9502DD1DA6872200994A72 /* Debug */,
				CB9502DE1DA6872200994A72 /* Release */,
			);
			defaultConfigurationIsVisible = 0;
			defaultConfigurationName = Release;
		};
		CB9502DF1DA6872200994A72 /* Build configuration list for PBXNativeTarget "ios-training-spotify" */ = {
			isa = XCConfigurationList;
			buildConfigurations = (
				CB9502E01DA6872200994A72 /* Debug */,
				CB9502E11DA6872200994A72 /* Release */,
			);
			defaultConfigurationIsVisible = 0;
		};
/* End XCConfigurationList section */
	};
	rootObject = CB9502C51DA6872200994A72 /* Project object */;
}
